// !$*UTF8*$!
{
	archiveVersion = 1;
	classes = {
	};
	objectVersion = 50;
	objects = {

/* Begin PBXBuildFile section */
		F5F7FC4B26382B3D00CD89C2 /* Framework_TryoutApp.swift in Sources */ = {isa = PBXBuildFile; fileRef = F5F7FC4A26382B3D00CD89C2 /* Framework_TryoutApp.swift */; };
		F5F7FC4D26382B3D00CD89C2 /* ContentView.swift in Sources */ = {isa = PBXBuildFile; fileRef = F5F7FC4C26382B3D00CD89C2 /* ContentView.swift */; };
		F5F7FC4F26382B4000CD89C2 /* Assets.xcassets in Resources */ = {isa = PBXBuildFile; fileRef = F5F7FC4E26382B4000CD89C2 /* Assets.xcassets */; };
		F5F7FC5226382B4000CD89C2 /* Preview Assets.xcassets in Resources */ = {isa = PBXBuildFile; fileRef = F5F7FC5126382B4000CD89C2 /* Preview Assets.xcassets */; };
		F5F7FC5D26382B4000CD89C2 /* Framework_TryoutTests.swift in Sources */ = {isa = PBXBuildFile; fileRef = F5F7FC5C26382B4000CD89C2 /* Framework_TryoutTests.swift */; };
		F5F7FC6826382B4000CD89C2 /* Framework_TryoutUITests.swift in Sources */ = {isa = PBXBuildFile; fileRef = F5F7FC6726382B4000CD89C2 /* Framework_TryoutUITests.swift */; };
/* End PBXBuildFile section */

/* Begin PBXContainerItemProxy section */
		F5F7FC5926382B4000CD89C2 /* PBXContainerItemProxy */ = {
			isa = PBXContainerItemProxy;
			containerPortal = F5F7FC3F26382B3D00CD89C2 /* Project object */;
			proxyType = 1;
			remoteGlobalIDString = F5F7FC4626382B3D00CD89C2;
			remoteInfo = "Framework Tryout";
		};
		F5F7FC6426382B4000CD89C2 /* PBXContainerItemProxy */ = {
			isa = PBXContainerItemProxy;
			containerPortal = F5F7FC3F26382B3D00CD89C2 /* Project object */;
			proxyType = 1;
			remoteGlobalIDString = F5F7FC4626382B3D00CD89C2;
			remoteInfo = "Framework Tryout";
		};
/* End PBXContainerItemProxy section */

/* Begin PBXFileReference section */
		F5F7FC4726382B3D00CD89C2 /* Framework Tryout.app */ = {isa = PBXFileReference; explicitFileType = wrapper.application; includeInIndex = 0; path = "Framework Tryout.app"; sourceTree = BUILT_PRODUCTS_DIR; };
		F5F7FC4A26382B3D00CD89C2 /* Framework_TryoutApp.swift */ = {isa = PBXFileReference; lastKnownFileType = sourcecode.swift; path = Framework_TryoutApp.swift; sourceTree = "<group>"; };
		F5F7FC4C26382B3D00CD89C2 /* ContentView.swift */ = {isa = PBXFileReference; lastKnownFileType = sourcecode.swift; path = ContentView.swift; sourceTree = "<group>"; };
		F5F7FC4E26382B4000CD89C2 /* Assets.xcassets */ = {isa = PBXFileReference; lastKnownFileType = folder.assetcatalog; path = Assets.xcassets; sourceTree = "<group>"; };
		F5F7FC5126382B4000CD89C2 /* Preview Assets.xcassets */ = {isa = PBXFileReference; lastKnownFileType = folder.assetcatalog; path = "Preview Assets.xcassets"; sourceTree = "<group>"; };
		F5F7FC5326382B4000CD89C2 /* Info.plist */ = {isa = PBXFileReference; lastKnownFileType = text.plist.xml; path = Info.plist; sourceTree = "<group>"; };
		F5F7FC5826382B4000CD89C2 /* Framework TryoutTests.xctest */ = {isa = PBXFileReference; explicitFileType = wrapper.cfbundle; includeInIndex = 0; path = "Framework TryoutTests.xctest"; sourceTree = BUILT_PRODUCTS_DIR; };
		F5F7FC5C26382B4000CD89C2 /* Framework_TryoutTests.swift */ = {isa = PBXFileReference; lastKnownFileType = sourcecode.swift; path = Framework_TryoutTests.swift; sourceTree = "<group>"; };
		F5F7FC5E26382B4000CD89C2 /* Info.plist */ = {isa = PBXFileReference; lastKnownFileType = text.plist.xml; path = Info.plist; sourceTree = "<group>"; };
		F5F7FC6326382B4000CD89C2 /* Framework TryoutUITests.xctest */ = {isa = PBXFileReference; explicitFileType = wrapper.cfbundle; includeInIndex = 0; path = "Framework TryoutUITests.xctest"; sourceTree = BUILT_PRODUCTS_DIR; };
		F5F7FC6726382B4000CD89C2 /* Framework_TryoutUITests.swift */ = {isa = PBXFileReference; lastKnownFileType = sourcecode.swift; path = Framework_TryoutUITests.swift; sourceTree = "<group>"; };
		F5F7FC6926382B4000CD89C2 /* Info.plist */ = {isa = PBXFileReference; lastKnownFileType = text.plist.xml; path = Info.plist; sourceTree = "<group>"; };
/* End PBXFileReference section */

/* Begin PBXFrameworksBuildPhase section */
		F5F7FC4426382B3D00CD89C2 /* Frameworks */ = {
			isa = PBXFrameworksBuildPhase;
			buildActionMask = 2147483647;
			files = (
			);
			runOnlyForDeploymentPostprocessing = 0;
		};
		F5F7FC5526382B4000CD89C2 /* Frameworks */ = {
			isa = PBXFrameworksBuildPhase;
			buildActionMask = 2147483647;
			files = (
			);
			runOnlyForDeploymentPostprocessing = 0;
		};
		F5F7FC6026382B4000CD89C2 /* Frameworks */ = {
			isa = PBXFrameworksBuildPhase;
			buildActionMask = 2147483647;
			files = (
			);
			runOnlyForDeploymentPostprocessing = 0;
		};
/* End PBXFrameworksBuildPhase section */

/* Begin PBXGroup section */
		F5F7FC3E26382B3D00CD89C2 = {
			isa = PBXGroup;
			children = (
				F5F7FC4926382B3D00CD89C2 /* Framework Tryout */,
				F5F7FC5B26382B4000CD89C2 /* Framework TryoutTests */,
				F5F7FC6626382B4000CD89C2 /* Framework TryoutUITests */,
				F5F7FC4826382B3D00CD89C2 /* Products */,
			);
			sourceTree = "<group>";
		};
		F5F7FC4826382B3D00CD89C2 /* Products */ = {
			isa = PBXGroup;
			children = (
				F5F7FC4726382B3D00CD89C2 /* Framework Tryout.app */,
				F5F7FC5826382B4000CD89C2 /* Framework TryoutTests.xctest */,
				F5F7FC6326382B4000CD89C2 /* Framework TryoutUITests.xctest */,
			);
			name = Products;
			sourceTree = "<group>";
		};
		F5F7FC4926382B3D00CD89C2 /* Framework Tryout */ = {
			isa = PBXGroup;
			children = (
				F5F7FC4A26382B3D00CD89C2 /* Framework_TryoutApp.swift */,
				F5F7FC4C26382B3D00CD89C2 /* ContentView.swift */,
				F5F7FC4E26382B4000CD89C2 /* Assets.xcassets */,
				F5F7FC5326382B4000CD89C2 /* Info.plist */,
				F5F7FC5026382B4000CD89C2 /* Preview Content */,
			);
			path = "Framework Tryout";
			sourceTree = "<group>";
		};
		F5F7FC5026382B4000CD89C2 /* Preview Content */ = {
			isa = PBXGroup;
			children = (
				F5F7FC5126382B4000CD89C2 /* Preview Assets.xcassets */,
			);
			path = "Preview Content";
			sourceTree = "<group>";
		};
		F5F7FC5B26382B4000CD89C2 /* Framework TryoutTests */ = {
			isa = PBXGroup;
			children = (
				F5F7FC5C26382B4000CD89C2 /* Framework_TryoutTests.swift */,
				F5F7FC5E26382B4000CD89C2 /* Info.plist */,
			);
			path = "Framework TryoutTests";
			sourceTree = "<group>";
		};
		F5F7FC6626382B4000CD89C2 /* Framework TryoutUITests */ = {
			isa = PBXGroup;
			children = (
				F5F7FC6726382B4000CD89C2 /* Framework_TryoutUITests.swift */,
				F5F7FC6926382B4000CD89C2 /* Info.plist */,
			);
			path = "Framework TryoutUITests";
			sourceTree = "<group>";
		};
/* End PBXGroup section */

/* Begin PBXNativeTarget section */
		F5F7FC4626382B3D00CD89C2 /* Framework Tryout */ = {
			isa = PBXNativeTarget;
			buildConfigurationList = F5F7FC6C26382B4000CD89C2 /* Build configuration list for PBXNativeTarget "Framework Tryout" */;
			buildPhases = (
				F5F7FC4326382B3D00CD89C2 /* Sources */,
				F5F7FC4426382B3D00CD89C2 /* Frameworks */,
				F5F7FC4526382B3D00CD89C2 /* Resources */,
			);
			buildRules = (
			);
			dependencies = (
			);
			name = "Framework Tryout";
			productName = "Framework Tryout";
			productReference = F5F7FC4726382B3D00CD89C2 /* Framework Tryout.app */;
			productType = "com.apple.product-type.application";
		};
		F5F7FC5726382B4000CD89C2 /* Framework TryoutTests */ = {
			isa = PBXNativeTarget;
			buildConfigurationList = F5F7FC6F26382B4000CD89C2 /* Build configuration list for PBXNativeTarget "Framework TryoutTests" */;
			buildPhases = (
				F5F7FC5426382B4000CD89C2 /* Sources */,
				F5F7FC5526382B4000CD89C2 /* Frameworks */,
				F5F7FC5626382B4000CD89C2 /* Resources */,
			);
			buildRules = (
			);
			dependencies = (
				F5F7FC5A26382B4000CD89C2 /* PBXTargetDependency */,
			);
			name = "Framework TryoutTests";
			productName = "Framework TryoutTests";
			productReference = F5F7FC5826382B4000CD89C2 /* Framework TryoutTests.xctest */;
			productType = "com.apple.product-type.bundle.unit-test";
		};
		F5F7FC6226382B4000CD89C2 /* Framework TryoutUITests */ = {
			isa = PBXNativeTarget;
			buildConfigurationList = F5F7FC7226382B4000CD89C2 /* Build configuration list for PBXNativeTarget "Framework TryoutUITests" */;
			buildPhases = (
				F5F7FC5F26382B4000CD89C2 /* Sources */,
				F5F7FC6026382B4000CD89C2 /* Frameworks */,
				F5F7FC6126382B4000CD89C2 /* Resources */,
			);
			buildRules = (
			);
			dependencies = (
				F5F7FC6526382B4000CD89C2 /* PBXTargetDependency */,
			);
			name = "Framework TryoutUITests";
			productName = "Framework TryoutUITests";
			productReference = F5F7FC6326382B4000CD89C2 /* Framework TryoutUITests.xctest */;
			productType = "com.apple.product-type.bundle.ui-testing";
		};
/* End PBXNativeTarget section */

/* Begin PBXProject section */
		F5F7FC3F26382B3D00CD89C2 /* Project object */ = {
			isa = PBXProject;
			attributes = {
				LastSwiftUpdateCheck = 1240;
				LastUpgradeCheck = 1240;
				TargetAttributes = {
					F5F7FC4626382B3D00CD89C2 = {
						CreatedOnToolsVersion = 12.4;
					};
					F5F7FC5726382B4000CD89C2 = {
						CreatedOnToolsVersion = 12.4;
						TestTargetID = F5F7FC4626382B3D00CD89C2;
					};
					F5F7FC6226382B4000CD89C2 = {
						CreatedOnToolsVersion = 12.4;
						TestTargetID = F5F7FC4626382B3D00CD89C2;
					};
				};
			};
			buildConfigurationList = F5F7FC4226382B3D00CD89C2 /* Build configuration list for PBXProject "Framework Tryout" */;
			compatibilityVersion = "Xcode 9.3";
			developmentRegion = en;
			hasScannedForEncodings = 0;
			knownRegions = (
				en,
				Base,
			);
			mainGroup = F5F7FC3E26382B3D00CD89C2;
			productRefGroup = F5F7FC4826382B3D00CD89C2 /* Products */;
			projectDirPath = "";
			projectRoot = "";
			targets = (
				F5F7FC4626382B3D00CD89C2 /* Framework Tryout */,
				F5F7FC5726382B4000CD89C2 /* Framework TryoutTests */,
				F5F7FC6226382B4000CD89C2 /* Framework TryoutUITests */,
			);
		};
/* End PBXProject section */

/* Begin PBXResourcesBuildPhase section */
		F5F7FC4526382B3D00CD89C2 /* Resources */ = {
			isa = PBXResourcesBuildPhase;
			buildActionMask = 2147483647;
			files = (
				F5F7FC5226382B4000CD89C2 /* Preview Assets.xcassets in Resources */,
				F5F7FC4F26382B4000CD89C2 /* Assets.xcassets in Resources */,
			);
			runOnlyForDeploymentPostprocessing = 0;
		};
		F5F7FC5626382B4000CD89C2 /* Resources */ = {
			isa = PBXResourcesBuildPhase;
			buildActionMask = 2147483647;
			files = (
			);
			runOnlyForDeploymentPostprocessing = 0;
		};
		F5F7FC6126382B4000CD89C2 /* Resources */ = {
			isa = PBXResourcesBuildPhase;
			buildActionMask = 2147483647;
			files = (
			);
			runOnlyForDeploymentPostprocessing = 0;
		};
/* End PBXResourcesBuildPhase section */

/* Begin PBXSourcesBuildPhase section */
		F5F7FC4326382B3D00CD89C2 /* Sources */ = {
			isa = PBXSourcesBuildPhase;
			buildActionMask = 2147483647;
			files = (
				F5F7FC4D26382B3D00CD89C2 /* ContentView.swift in Sources */,
				F5F7FC4B26382B3D00CD89C2 /* Framework_TryoutApp.swift in Sources */,
			);
			runOnlyForDeploymentPostprocessing = 0;
		};
		F5F7FC5426382B4000CD89C2 /* Sources */ = {
			isa = PBXSourcesBuildPhase;
			buildActionMask = 2147483647;
			files = (
				F5F7FC5D26382B4000CD89C2 /* Framework_TryoutTests.swift in Sources */,
			);
			runOnlyForDeploymentPostprocessing = 0;
		};
		F5F7FC5F26382B4000CD89C2 /* Sources */ = {
			isa = PBXSourcesBuildPhase;
			buildActionMask = 2147483647;
			files = (
				F5F7FC6826382B4000CD89C2 /* Framework_TryoutUITests.swift in Sources */,
			);
			runOnlyForDeploymentPostprocessing = 0;
		};
/* End PBXSourcesBuildPhase section */

/* Begin PBXTargetDependency section */
		F5F7FC5A26382B4000CD89C2 /* PBXTargetDependency */ = {
			isa = PBXTargetDependency;
			target = F5F7FC4626382B3D00CD89C2 /* Framework Tryout */;
			targetProxy = F5F7FC5926382B4000CD89C2 /* PBXContainerItemProxy */;
		};
		F5F7FC6526382B4000CD89C2 /* PBXTargetDependency */ = {
			isa = PBXTargetDependency;
			target = F5F7FC4626382B3D00CD89C2 /* Framework Tryout */;
			targetProxy = F5F7FC6426382B4000CD89C2 /* PBXContainerItemProxy */;
		};
/* End PBXTargetDependency section */

/* Begin XCBuildConfiguration section */
		F5F7FC6A26382B4000CD89C2 /* Debug */ = {
			isa = XCBuildConfiguration;
			buildSettings = {
				ALWAYS_SEARCH_USER_PATHS = NO;
				CLANG_ANALYZER_NONNULL = YES;
				CLANG_ANALYZER_NUMBER_OBJECT_CONVERSION = YES_AGGRESSIVE;
				CLANG_CXX_LANGUAGE_STANDARD = "gnu++14";
				CLANG_CXX_LIBRARY = "libc++";
				CLANG_ENABLE_MODULES = YES;
				CLANG_ENABLE_OBJC_ARC = YES;
				CLANG_ENABLE_OBJC_WEAK = YES;
				CLANG_WARN_BLOCK_CAPTURE_AUTORELEASING = YES;
				CLANG_WARN_BOOL_CONVERSION = YES;
				CLANG_WARN_COMMA = YES;
				CLANG_WARN_CONSTANT_CONVERSION = YES;
				CLANG_WARN_DEPRECATED_OBJC_IMPLEMENTATIONS = YES;
				CLANG_WARN_DIRECT_OBJC_ISA_USAGE = YES_ERROR;
				CLANG_WARN_DOCUMENTATION_COMMENTS = YES;
				CLANG_WARN_EMPTY_BODY = YES;
				CLANG_WARN_ENUM_CONVERSION = YES;
				CLANG_WARN_INFINITE_RECURSION = YES;
				CLANG_WARN_INT_CONVERSION = YES;
				CLANG_WARN_NON_LITERAL_NULL_CONVERSION = YES;
				CLANG_WARN_OBJC_IMPLICIT_RETAIN_SELF = YES;
				CLANG_WARN_OBJC_LITERAL_CONVERSION = YES;
				CLANG_WARN_OBJC_ROOT_CLASS = YES_ERROR;
				CLANG_WARN_QUOTED_INCLUDE_IN_FRAMEWORK_HEADER = YES;
				CLANG_WARN_RANGE_LOOP_ANALYSIS = YES;
				CLANG_WARN_STRICT_PROTOTYPES = YES;
				CLANG_WARN_SUSPICIOUS_MOVE = YES;
				CLANG_WARN_UNGUARDED_AVAILABILITY = YES_AGGRESSIVE;
				CLANG_WARN_UNREACHABLE_CODE = YES;
				CLANG_WARN__DUPLICATE_METHOD_MATCH = YES;
				COPY_PHASE_STRIP = NO;
				DEBUG_INFORMATION_FORMAT = dwarf;
				ENABLE_STRICT_OBJC_MSGSEND = YES;
				ENABLE_TESTABILITY = YES;
				GCC_C_LANGUAGE_STANDARD = gnu11;
				GCC_DYNAMIC_NO_PIC = NO;
				GCC_NO_COMMON_BLOCKS = YES;
				GCC_OPTIMIZATION_LEVEL = 0;
				GCC_PREPROCESSOR_DEFINITIONS = (
					"DEBUG=1",
					"$(inherited)",
				);
				GCC_WARN_64_TO_32_BIT_CONVERSION = YES;
				GCC_WARN_ABOUT_RETURN_TYPE = YES_ERROR;
				GCC_WARN_UNDECLARED_SELECTOR = YES;
				GCC_WARN_UNINITIALIZED_AUTOS = YES_AGGRESSIVE;
				GCC_WARN_UNUSED_FUNCTION = YES;
				GCC_WARN_UNUSED_VARIABLE = YES;
				IPHONEOS_DEPLOYMENT_TARGET = 14.4;
				MTL_ENABLE_DEBUG_INFO = INCLUDE_SOURCE;
				MTL_FAST_MATH = YES;
				ONLY_ACTIVE_ARCH = YES;
				SDKROOT = iphoneos;
				SWIFT_ACTIVE_COMPILATION_CONDITIONS = DEBUG;
				SWIFT_OPTIMIZATION_LEVEL = "-Onone";
			};
			name = Debug;
		};
		F5F7FC6B26382B4000CD89C2 /* Release */ = {
			isa = XCBuildConfiguration;
			buildSettings = {
				ALWAYS_SEARCH_USER_PATHS = NO;
				CLANG_ANALYZER_NONNULL = YES;
				CLANG_ANALYZER_NUMBER_OBJECT_CONVERSION = YES_AGGRESSIVE;
				CLANG_CXX_LANGUAGE_STANDARD = "gnu++14";
				CLANG_CXX_LIBRARY = "libc++";
				CLANG_ENABLE_MODULES = YES;
				CLANG_ENABLE_OBJC_ARC = YES;
				CLANG_ENABLE_OBJC_WEAK = YES;
				CLANG_WARN_BLOCK_CAPTURE_AUTORELEASING = YES;
				CLANG_WARN_BOOL_CONVERSION = YES;
				CLANG_WARN_COMMA = YES;
				CLANG_WARN_CONSTANT_CONVERSION = YES;
				CLANG_WARN_DEPRECATED_OBJC_IMPLEMENTATIONS = YES;
				CLANG_WARN_DIRECT_OBJC_ISA_USAGE = YES_ERROR;
				CLANG_WARN_DOCUMENTATION_COMMENTS = YES;
				CLANG_WARN_EMPTY_BODY = YES;
				CLANG_WARN_ENUM_CONVERSION = YES;
				CLANG_WARN_INFINITE_RECURSION = YES;
				CLANG_WARN_INT_CONVERSION = YES;
				CLANG_WARN_NON_LITERAL_NULL_CONVERSION = YES;
				CLANG_WARN_OBJC_IMPLICIT_RETAIN_SELF = YES;
				CLANG_WARN_OBJC_LITERAL_CONVERSION = YES;
				CLANG_WARN_OBJC_ROOT_CLASS = YES_ERROR;
				CLANG_WARN_QUOTED_INCLUDE_IN_FRAMEWORK_HEADER = YES;
				CLANG_WARN_RANGE_LOOP_ANALYSIS = YES;
				CLANG_WARN_STRICT_PROTOTYPES = YES;
				CLANG_WARN_SUSPICIOUS_MOVE = YES;
				CLANG_WARN_UNGUARDED_AVAILABILITY = YES_AGGRESSIVE;
				CLANG_WARN_UNREACHABLE_CODE = YES;
				CLANG_WARN__DUPLICATE_METHOD_MATCH = YES;
				COPY_PHASE_STRIP = NO;
				DEBUG_INFORMATION_FORMAT = "dwarf-with-dsym";
				ENABLE_NS_ASSERTIONS = NO;
				ENABLE_STRICT_OBJC_MSGSEND = YES;
				GCC_C_LANGUAGE_STANDARD = gnu11;
				GCC_NO_COMMON_BLOCKS = YES;
				GCC_WARN_64_TO_32_BIT_CONVERSION = YES;
				GCC_WARN_ABOUT_RETURN_TYPE = YES_ERROR;
				GCC_WARN_UNDECLARED_SELECTOR = YES;
				GCC_WARN_UNINITIALIZED_AUTOS = YES_AGGRESSIVE;
				GCC_WARN_UNUSED_FUNCTION = YES;
				GCC_WARN_UNUSED_VARIABLE = YES;
				IPHONEOS_DEPLOYMENT_TARGET = 14.4;
				MTL_ENABLE_DEBUG_INFO = NO;
				MTL_FAST_MATH = YES;
				SDKROOT = iphoneos;
				SWIFT_COMPILATION_MODE = wholemodule;
				SWIFT_OPTIMIZATION_LEVEL = "-O";
				VALIDATE_PRODUCT = YES;
			};
			name = Release;
		};
		F5F7FC6D26382B4000CD89C2 /* Debug */ = {
			isa = XCBuildConfiguration;
			buildSettings = {
				ASSETCATALOG_COMPILER_APPICON_NAME = AppIcon;
				ASSETCATALOG_COMPILER_GLOBAL_ACCENT_COLOR_NAME = AccentColor;
				CODE_SIGN_STYLE = Automatic;
				DEVELOPMENT_ASSET_PATHS = "\"Framework Tryout/Preview Content\"";
				DEVELOPMENT_TEAM = 3JU5T2SY3C;
				ENABLE_PREVIEWS = YES;
				INFOPLIST_FILE = "Framework Tryout/Info.plist";
				IPHONEOS_DEPLOYMENT_TARGET = 14.0;
				LD_RUNPATH_SEARCH_PATHS = (
					"$(inherited)",
					"@executable_path/Frameworks",
				);
				PRODUCT_BUNDLE_IDENTIFIER = "net.milosvasic.Framework-Tryout";
				PRODUCT_NAME = "$(TARGET_NAME)";
				SWIFT_VERSION = 5.0;
				TARGETED_DEVICE_FAMILY = "1,2";
			};
			name = Debug;
		};
		F5F7FC6E26382B4000CD89C2 /* Release */ = {
			isa = XCBuildConfiguration;
			buildSettings = {
				ASSETCATALOG_COMPILER_APPICON_NAME = AppIcon;
				ASSETCATALOG_COMPILER_GLOBAL_ACCENT_COLOR_NAME = AccentColor;
				CODE_SIGN_STYLE = Automatic;
				DEVELOPMENT_ASSET_PATHS = "\"Framework Tryout/Preview Content\"";
				DEVELOPMENT_TEAM = 3JU5T2SY3C;
				ENABLE_PREVIEWS = YES;
				INFOPLIST_FILE = "Framework Tryout/Info.plist";
				IPHONEOS_DEPLOYMENT_TARGET = 14.0;
				LD_RUNPATH_SEARCH_PATHS = (
					"$(inherited)",
					"@executable_path/Frameworks",
				);
				PRODUCT_BUNDLE_IDENTIFIER = "net.milosvasic.Framework-Tryout";
				PRODUCT_NAME = "$(TARGET_NAME)";
				SWIFT_VERSION = 5.0;
				TARGETED_DEVICE_FAMILY = "1,2";
			};
			name = Release;
		};
		F5F7FC7026382B4000CD89C2 /* Debug */ = {
			isa = XCBuildConfiguration;
			buildSettings = {
				ALWAYS_EMBED_SWIFT_STANDARD_LIBRARIES = YES;
				BUNDLE_LOADER = "$(TEST_HOST)";
				CODE_SIGN_STYLE = Automatic;
				DEVELOPMENT_TEAM = 3JU5T2SY3C;
				INFOPLIST_FILE = "Framework TryoutTests/Info.plist";
				IPHONEOS_DEPLOYMENT_TARGET = 14.0;
				LD_RUNPATH_SEARCH_PATHS = (
					"$(inherited)",
					"@executable_path/Frameworks",
					"@loader_path/Frameworks",
				);
				PRODUCT_BUNDLE_IDENTIFIER = "net.milosvasic.Framework-TryoutTests";
				PRODUCT_NAME = "$(TARGET_NAME)";
				SWIFT_VERSION = 5.0;
				TARGETED_DEVICE_FAMILY = "1,2";
				TEST_HOST = "$(BUILT_PRODUCTS_DIR)/Framework Tryout.app/Framework Tryout";
			};
			name = Debug;
		};
		F5F7FC7126382B4000CD89C2 /* Release */ = {
			isa = XCBuildConfiguration;
			buildSettings = {
				ALWAYS_EMBED_SWIFT_STANDARD_LIBRARIES = YES;
				BUNDLE_LOADER = "$(TEST_HOST)";
				CODE_SIGN_STYLE = Automatic;
				DEVELOPMENT_TEAM = 3JU5T2SY3C;
				INFOPLIST_FILE = "Framework TryoutTests/Info.plist";
				IPHONEOS_DEPLOYMENT_TARGET = 14.0;
				LD_RUNPATH_SEARCH_PATHS = (
					"$(inherited)",
					"@executable_path/Frameworks",
					"@loader_path/Frameworks",
				);
				PRODUCT_BUNDLE_IDENTIFIER = "net.milosvasic.Framework-TryoutTests";
				PRODUCT_NAME = "$(TARGET_NAME)";
				SWIFT_VERSION = 5.0;
				TARGETED_DEVICE_FAMILY = "1,2";
				TEST_HOST = "$(BUILT_PRODUCTS_DIR)/Framework Tryout.app/Framework Tryout";
			};
			name = Release;
		};
		F5F7FC7326382B4000CD89C2 /* Debug */ = {
			isa = XCBuildConfiguration;
			buildSettings = {
				ALWAYS_EMBED_SWIFT_STANDARD_LIBRARIES = YES;
				CODE_SIGN_STYLE = Automatic;
				DEVELOPMENT_TEAM = 3JU5T2SY3C;
				INFOPLIST_FILE = "Framework TryoutUITests/Info.plist";
				LD_RUNPATH_SEARCH_PATHS = (
					"$(inherited)",
					"@executable_path/Frameworks",
					"@loader_path/Frameworks",
				);
				PRODUCT_BUNDLE_IDENTIFIER = "net.milosvasic.Framework-TryoutUITests";
				PRODUCT_NAME = "$(TARGET_NAME)";
				SWIFT_VERSION = 5.0;
				TARGETED_DEVICE_FAMILY = "1,2";
				TEST_TARGET_NAME = "Framework Tryout";
			};
			name = Debug;
		};
		F5F7FC7426382B4000CD89C2 /* Release */ = {
			isa = XCBuildConfiguration;
			buildSettings = {
				ALWAYS_EMBED_SWIFT_STANDARD_LIBRARIES = YES;
				CODE_SIGN_STYLE = Automatic;
				DEVELOPMENT_TEAM = 3JU5T2SY3C;
				INFOPLIST_FILE = "Framework TryoutUITests/Info.plist";
				LD_RUNPATH_SEARCH_PATHS = (
					"$(inherited)",
					"@executable_path/Frameworks",
					"@loader_path/Frameworks",
				);
				PRODUCT_BUNDLE_IDENTIFIER = "net.milosvasic.Framework-TryoutUITests";
				PRODUCT_NAME = "$(TARGET_NAME)";
				SWIFT_VERSION = 5.0;
				TARGETED_DEVICE_FAMILY = "1,2";
				TEST_TARGET_NAME = "Framework Tryout";
			};
			name = Release;
		};
/* End XCBuildConfiguration section */

/* Begin XCConfigurationList section */
		F5F7FC4226382B3D00CD89C2 /* Build configuration list for PBXProject "Framework Tryout" */ = {
			isa = XCConfigurationList;
			buildConfigurations = (
				F5F7FC6A26382B4000CD89C2 /* Debug */,
				F5F7FC6B26382B4000CD89C2 /* Release */,
			);
			defaultConfigurationIsVisible = 0;
			defaultConfigurationName = Release;
		};
		F5F7FC6C26382B4000CD89C2 /* Build configuration list for PBXNativeTarget "Framework Tryout" */ = {
			isa = XCConfigurationList;
			buildConfigurations = (
				F5F7FC6D26382B4000CD89C2 /* Debug */,
				F5F7FC6E26382B4000CD89C2 /* Release */,
			);
			defaultConfigurationIsVisible = 0;
			defaultConfigurationName = Release;
		};
		F5F7FC6F26382B4000CD89C2 /* Build configuration list for PBXNativeTarget "Framework TryoutTests" */ = {
			isa = XCConfigurationList;
			buildConfigurations = (
				F5F7FC7026382B4000CD89C2 /* Debug */,
				F5F7FC7126382B4000CD89C2 /* Release */,
			);
			defaultConfigurationIsVisible = 0;
			defaultConfigurationName = Release;
		};
		F5F7FC7226382B4000CD89C2 /* Build configuration list for PBXNativeTarget "Framework TryoutUITests" */ = {
			isa = XCConfigurationList;
			buildConfigurations = (
				F5F7FC7326382B4000CD89C2 /* Debug */,
				F5F7FC7426382B4000CD89C2 /* Release */,
			);
			defaultConfigurationIsVisible = 0;
			defaultConfigurationName = Release;
		};
/* End XCConfigurationList section */
	};
	rootObject = F5F7FC3F26382B3D00CD89C2 /* Project object */;
}
